// !$*UTF8*$!
{
	archiveVersion = 1;
	classes = {
	};
	objectVersion = 50;
	objects = {

/* Begin PBXBuildFile section */
		CF661B612524667600E83D82 /* AppDelegate.swift in Sources */ = {isa = PBXBuildFile; fileRef = CF661B602524667600E83D82 /* AppDelegate.swift */; };
		CF661B632524667600E83D82 /* SceneDelegate.swift in Sources */ = {isa = PBXBuildFile; fileRef = CF661B622524667600E83D82 /* SceneDelegate.swift */; };
		CF661B652524667600E83D82 /* ViewController.swift in Sources */ = {isa = PBXBuildFile; fileRef = CF661B642524667600E83D82 /* ViewController.swift */; };
		CF661B682524667600E83D82 /* Main.storyboard in Resources */ = {isa = PBXBuildFile; fileRef = CF661B662524667600E83D82 /* Main.storyboard */; };
		CF661B6A2524667900E83D82 /* Assets.xcassets in Resources */ = {isa = PBXBuildFile; fileRef = CF661B692524667900E83D82 /* Assets.xcassets */; };
		CF661B6D2524667900E83D82 /* LaunchScreen.storyboard in Resources */ = {isa = PBXBuildFile; fileRef = CF661B6B2524667900E83D82 /* LaunchScreen.storyboard */; };
		CF661B782524667A00E83D82 /* MyRemindersTests.swift in Sources */ = {isa = PBXBuildFile; fileRef = CF661B772524667A00E83D82 /* MyRemindersTests.swift */; };
		CF661B832524667A00E83D82 /* MyRemindersUITests.swift in Sources */ = {isa = PBXBuildFile; fileRef = CF661B822524667A00E83D82 /* MyRemindersUITests.swift */; };
		CF661B94252469C600E83D82 /* AddViewController.swift in Sources */ = {isa = PBXBuildFile; fileRef = CF661B93252469C600E83D82 /* AddViewController.swift */; };
/* End PBXBuildFile section */

/* Begin PBXContainerItemProxy section */
		CF661B742524667A00E83D82 /* PBXContainerItemProxy */ = {
			isa = PBXContainerItemProxy;
			containerPortal = CF661B552524667600E83D82 /* Project object */;
			proxyType = 1;
			remoteGlobalIDString = CF661B5C2524667600E83D82;
			remoteInfo = MyReminders;
		};
		CF661B7F2524667A00E83D82 /* PBXContainerItemProxy */ = {
			isa = PBXContainerItemProxy;
			containerPortal = CF661B552524667600E83D82 /* Project object */;
			proxyType = 1;
			remoteGlobalIDString = CF661B5C2524667600E83D82;
			remoteInfo = MyReminders;
		};
/* End PBXContainerItemProxy section */

/* Begin PBXFileReference section */
		CF661B5D2524667600E83D82 /* MyReminders.app */ = {isa = PBXFileReference; explicitFileType = wrapper.application; includeInIndex = 0; path = MyReminders.app; sourceTree = BUILT_PRODUCTS_DIR; };
		CF661B602524667600E83D82 /* AppDelegate.swift */ = {isa = PBXFileReference; lastKnownFileType = sourcecode.swift; path = AppDelegate.swift; sourceTree = "<group>"; };
		CF661B622524667600E83D82 /* SceneDelegate.swift */ = {isa = PBXFileReference; lastKnownFileType = sourcecode.swift; path = SceneDelegate.swift; sourceTree = "<group>"; };
		CF661B642524667600E83D82 /* ViewController.swift */ = {isa = PBXFileReference; lastKnownFileType = sourcecode.swift; path = ViewController.swift; sourceTree = "<group>"; };
		CF661B672524667600E83D82 /* Base */ = {isa = PBXFileReference; lastKnownFileType = file.storyboard; name = Base; path = Base.lproj/Main.storyboard; sourceTree = "<group>"; };
		CF661B692524667900E83D82 /* Assets.xcassets */ = {isa = PBXFileReference; lastKnownFileType = folder.assetcatalog; path = Assets.xcassets; sourceTree = "<group>"; };
		CF661B6C2524667900E83D82 /* Base */ = {isa = PBXFileReference; lastKnownFileType = file.storyboard; name = Base; path = Base.lproj/LaunchScreen.storyboard; sourceTree = "<group>"; };
		CF661B6E2524667900E83D82 /* Info.plist */ = {isa = PBXFileReference; lastKnownFileType = text.plist.xml; path = Info.plist; sourceTree = "<group>"; };
		CF661B732524667A00E83D82 /* MyRemindersTests.xctest */ = {isa = PBXFileReference; explicitFileType = wrapper.cfbundle; includeInIndex = 0; path = MyRemindersTests.xctest; sourceTree = BUILT_PRODUCTS_DIR; };
		CF661B772524667A00E83D82 /* MyRemindersTests.swift */ = {isa = PBXFileReference; lastKnownFileType = sourcecode.swift; path = MyRemindersTests.swift; sourceTree = "<group>"; };
		CF661B792524667A00E83D82 /* Info.plist */ = {isa = PBXFileReference; lastKnownFileType = text.plist.xml; path = Info.plist; sourceTree = "<group>"; };
		CF661B7E2524667A00E83D82 /* MyRemindersUITests.xctest */ = {isa = PBXFileReference; explicitFileType = wrapper.cfbundle; includeInIndex = 0; path = MyRemindersUITests.xctest; sourceTree = BUILT_PRODUCTS_DIR; };
		CF661B822524667A00E83D82 /* MyRemindersUITests.swift */ = {isa = PBXFileReference; lastKnownFileType = sourcecode.swift; path = MyRemindersUITests.swift; sourceTree = "<group>"; };
		CF661B842524667A00E83D82 /* Info.plist */ = {isa = PBXFileReference; lastKnownFileType = text.plist.xml; path = Info.plist; sourceTree = "<group>"; };
		CF661B93252469C600E83D82 /* AddViewController.swift */ = {isa = PBXFileReference; lastKnownFileType = sourcecode.swift; path = AddViewController.swift; sourceTree = "<group>"; };
/* End PBXFileReference section */

/* Begin PBXFrameworksBuildPhase section */
		CF661B5A2524667600E83D82 /* Frameworks */ = {
			isa = PBXFrameworksBuildPhase;
			buildActionMask = 2147483647;
			files = (
			);
			runOnlyForDeploymentPostprocessing = 0;
		};
		CF661B702524667A00E83D82 /* Frameworks */ = {
			isa = PBXFrameworksBuildPhase;
			buildActionMask = 2147483647;
			files = (
			);
			runOnlyForDeploymentPostprocessing = 0;
		};
		CF661B7B2524667A00E83D82 /* Frameworks */ = {
			isa = PBXFrameworksBuildPhase;
			buildActionMask = 2147483647;
			files = (
			);
			runOnlyForDeploymentPostprocessing = 0;
		};
/* End PBXFrameworksBuildPhase section */

/* Begin PBXGroup section */
		CF661B542524667600E83D82 = {
			isa = PBXGroup;
			children = (
				CF661B5F2524667600E83D82 /* MyReminders */,
				CF661B762524667A00E83D82 /* MyRemindersTests */,
				CF661B812524667A00E83D82 /* MyRemindersUITests */,
				CF661B5E2524667600E83D82 /* Products */,
			);
			sourceTree = "<group>";
		};
		CF661B5E2524667600E83D82 /* Products */ = {
			isa = PBXGroup;
			children = (
				CF661B5D2524667600E83D82 /* MyReminders.app */,
				CF661B732524667A00E83D82 /* MyRemindersTests.xctest */,
				CF661B7E2524667A00E83D82 /* MyRemindersUITests.xctest */,
			);
			name = Products;
			sourceTree = "<group>";
		};
		CF661B5F2524667600E83D82 /* MyReminders */ = {
			isa = PBXGroup;
			children = (
				CF661B602524667600E83D82 /* AppDelegate.swift */,
				CF661B622524667600E83D82 /* SceneDelegate.swift */,
				CF661B642524667600E83D82 /* ViewController.swift */,
				CF661B662524667600E83D82 /* Main.storyboard */,
				CF661B692524667900E83D82 /* Assets.xcassets */,
				CF661B6B2524667900E83D82 /* LaunchScreen.storyboard */,
				CF661B6E2524667900E83D82 /* Info.plist */,
				CF661B93252469C600E83D82 /* AddViewController.swift */,
			);
			path = MyReminders;
			sourceTree = "<group>";
		};
		CF661B762524667A00E83D82 /* MyRemindersTests */ = {
			isa = PBXGroup;
			children = (
				CF661B772524667A00E83D82 /* MyRemindersTests.swift */,
				CF661B792524667A00E83D82 /* Info.plist */,
			);
			path = MyRemindersTests;
			sourceTree = "<group>";
		};
		CF661B812524667A00E83D82 /* MyRemindersUITests */ = {
			isa = PBXGroup;
			children = (
				CF661B822524667A00E83D82 /* MyRemindersUITests.swift */,
				CF661B842524667A00E83D82 /* Info.plist */,
			);
			path = MyRemindersUITests;
			sourceTree = "<group>";
		};
/* End PBXGroup section */

/* Begin PBXNativeTarget section */
		CF661B5C2524667600E83D82 /* MyReminders */ = {
			isa = PBXNativeTarget;
			buildConfigurationList = CF661B872524667A00E83D82 /* Build configuration list for PBXNativeTarget "MyReminders" */;
			buildPhases = (
				CF661B592524667600E83D82 /* Sources */,
				CF661B5A2524667600E83D82 /* Frameworks */,
				CF661B5B2524667600E83D82 /* Resources */,
			);
			buildRules = (
			);
			dependencies = (
			);
			name = MyReminders;
			productName = MyReminders;
			productReference = CF661B5D2524667600E83D82 /* MyReminders.app */;
			productType = "com.apple.product-type.application";
		};
		CF661B722524667A00E83D82 /* MyRemindersTests */ = {
			isa = PBXNativeTarget;
			buildConfigurationList = CF661B8A2524667A00E83D82 /* Build configuration list for PBXNativeTarget "MyRemindersTests" */;
			buildPhases = (
				CF661B6F2524667A00E83D82 /* Sources */,
				CF661B702524667A00E83D82 /* Frameworks */,
				CF661B712524667A00E83D82 /* Resources */,
			);
			buildRules = (
			);
			dependencies = (
				CF661B752524667A00E83D82 /* PBXTargetDependency */,
			);
			name = MyRemindersTests;
			productName = MyRemindersTests;
			productReference = CF661B732524667A00E83D82 /* MyRemindersTests.xctest */;
			productType = "com.apple.product-type.bundle.unit-test";
		};
		CF661B7D2524667A00E83D82 /* MyRemindersUITests */ = {
			isa = PBXNativeTarget;
			buildConfigurationList = CF661B8D2524667A00E83D82 /* Build configuration list for PBXNativeTarget "MyRemindersUITests" */;
			buildPhases = (
				CF661B7A2524667A00E83D82 /* Sources */,
				CF661B7B2524667A00E83D82 /* Frameworks */,
				CF661B7C2524667A00E83D82 /* Resources */,
			);
			buildRules = (
			);
			dependencies = (
				CF661B802524667A00E83D82 /* PBXTargetDependency */,
			);
			name = MyRemindersUITests;
			productName = MyRemindersUITests;
			productReference = CF661B7E2524667A00E83D82 /* MyRemindersUITests.xctest */;
			productType = "com.apple.product-type.bundle.ui-testing";
		};
/* End PBXNativeTarget section */

/* Begin PBXProject section */
		CF661B552524667600E83D82 /* Project object */ = {
			isa = PBXProject;
			attributes = {
				LastSwiftUpdateCheck = 1200;
				LastUpgradeCheck = 1200;
				TargetAttributes = {
					CF661B5C2524667600E83D82 = {
						CreatedOnToolsVersion = 12.0.1;
					};
					CF661B722524667A00E83D82 = {
						CreatedOnToolsVersion = 12.0.1;
						TestTargetID = CF661B5C2524667600E83D82;
					};
					CF661B7D2524667A00E83D82 = {
						CreatedOnToolsVersion = 12.0.1;
						TestTargetID = CF661B5C2524667600E83D82;
					};
				};
			};
			buildConfigurationList = CF661B582524667600E83D82 /* Build configuration list for PBXProject "MyReminders" */;
			compatibilityVersion = "Xcode 9.3";
			developmentRegion = en;
			hasScannedForEncodings = 0;
			knownRegions = (
				en,
				Base,
			);
			mainGroup = CF661B542524667600E83D82;
			productRefGroup = CF661B5E2524667600E83D82 /* Products */;
			projectDirPath = "";
			projectRoot = "";
			targets = (
				CF661B5C2524667600E83D82 /* MyReminders */,
				CF661B722524667A00E83D82 /* MyRemindersTests */,
				CF661B7D2524667A00E83D82 /* MyRemindersUITests */,
			);
		};
/* End PBXProject section */

/* Begin PBXResourcesBuildPhase section */
		CF661B5B2524667600E83D82 /* Resources */ = {
			isa = PBXResourcesBuildPhase;
			buildActionMask = 2147483647;
			files = (
				CF661B6D2524667900E83D82 /* LaunchScreen.storyboard in Resources */,
				CF661B6A2524667900E83D82 /* Assets.xcassets in Resources */,
				CF661B682524667600E83D82 /* Main.storyboard in Resources */,
			);
			runOnlyForDeploymentPostprocessing = 0;
		};
		CF661B712524667A00E83D82 /* Resources */ = {
			isa = PBXResourcesBuildPhase;
			buildActionMask = 2147483647;
			files = (
			);
			runOnlyForDeploymentPostprocessing = 0;
		};
		CF661B7C2524667A00E83D82 /* Resources */ = {
			isa = PBXResourcesBuildPhase;
			buildActionMask = 2147483647;
			files = (
			);
			runOnlyForDeploymentPostprocessing = 0;
		};
/* End PBXResourcesBuildPhase section */

/* Begin PBXSourcesBuildPhase section */
		CF661B592524667600E83D82 /* Sources */ = {
			isa = PBXSourcesBuildPhase;
			buildActionMask = 2147483647;
			files = (
				CF661B652524667600E83D82 /* ViewController.swift in Sources */,
				CF661B612524667600E83D82 /* AppDelegate.swift in Sources */,
				CF661B94252469C600E83D82 /* AddViewController.swift in Sources */,
				CF661B632524667600E83D82 /* SceneDelegate.swift in Sources */,
			);
			runOnlyForDeploymentPostprocessing = 0;
		};
		CF661B6F2524667A00E83D82 /* Sources */ = {
			isa = PBXSourcesBuildPhase;
			buildActionMask = 2147483647;
			files = (
				CF661B782524667A00E83D82 /* MyRemindersTests.swift in Sources */,
			);
			runOnlyForDeploymentPostprocessing = 0;
		};
		CF661B7A2524667A00E83D82 /* Sources */ = {
			isa = PBXSourcesBuildPhase;
			buildActionMask = 2147483647;
			files = (
				CF661B832524667A00E83D82 /* MyRemindersUITests.swift in Sources */,
			);
			runOnlyForDeploymentPostprocessing = 0;
		};
/* End PBXSourcesBuildPhase section */

/* Begin PBXTargetDependency section */
		CF661B752524667A00E83D82 /* PBXTargetDependency */ = {
			isa = PBXTargetDependency;
			target = CF661B5C2524667600E83D82 /* MyReminders */;
			targetProxy = CF661B742524667A00E83D82 /* PBXContainerItemProxy */;
		};
		CF661B802524667A00E83D82 /* PBXTargetDependency */ = {
			isa = PBXTargetDependency;
			target = CF661B5C2524667600E83D82 /* MyReminders */;
			targetProxy = CF661B7F2524667A00E83D82 /* PBXContainerItemProxy */;
		};
/* End PBXTargetDependency section */

/* Begin PBXVariantGroup section */
		CF661B662524667600E83D82 /* Main.storyboard */ = {
			isa = PBXVariantGroup;
			children = (
				CF661B672524667600E83D82 /* Base */,
			);
			name = Main.storyboard;
			sourceTree = "<group>";
		};
		CF661B6B2524667900E83D82 /* LaunchScreen.storyboard */ = {
			isa = PBXVariantGroup;
			children = (
				CF661B6C2524667900E83D82 /* Base */,
			);
			name = LaunchScreen.storyboard;
			sourceTree = "<group>";
		};
/* End PBXVariantGroup section */

/* Begin XCBuildConfiguration section */
		CF661B852524667A00E83D82 /* Debug */ = {
			isa = XCBuildConfiguration;
			buildSettings = {
				ALWAYS_SEARCH_USER_PATHS = NO;
				CLANG_ANALYZER_NONNULL = YES;
				CLANG_ANALYZER_NUMBER_OBJECT_CONVERSION = YES_AGGRESSIVE;
				CLANG_CXX_LANGUAGE_STANDARD = "gnu++14";
				CLANG_CXX_LIBRARY = "libc++";
				CLANG_ENABLE_MODULES = YES;
				CLANG_ENABLE_OBJC_ARC = YES;
				CLANG_ENABLE_OBJC_WEAK = YES;
				CLANG_WARN_BLOCK_CAPTURE_AUTORELEASING = YES;
				CLANG_WARN_BOOL_CONVERSION = YES;
				CLANG_WARN_COMMA = YES;
				CLANG_WARN_CONSTANT_CONVERSION = YES;
				CLANG_WARN_DEPRECATED_OBJC_IMPLEMENTATIONS = YES;
				CLANG_WARN_DIRECT_OBJC_ISA_USAGE = YES_ERROR;
				CLANG_WARN_DOCUMENTATION_COMMENTS = YES;
				CLANG_WARN_EMPTY_BODY = YES;
				CLANG_WARN_ENUM_CONVERSION = YES;
				CLANG_WARN_INFINITE_RECURSION = YES;
				CLANG_WARN_INT_CONVERSION = YES;
				CLANG_WARN_NON_LITERAL_NULL_CONVERSION = YES;
				CLANG_WARN_OBJC_IMPLICIT_RETAIN_SELF = YES;
				CLANG_WARN_OBJC_LITERAL_CONVERSION = YES;
				CLANG_WARN_OBJC_ROOT_CLASS = YES_ERROR;
				CLANG_WARN_QUOTED_INCLUDE_IN_FRAMEWORK_HEADER = YES;
				CLANG_WARN_RANGE_LOOP_ANALYSIS = YES;
				CLANG_WARN_STRICT_PROTOTYPES = YES;
				CLANG_WARN_SUSPICIOUS_MOVE = YES;
				CLANG_WARN_UNGUARDED_AVAILABILITY = YES_AGGRESSIVE;
				CLANG_WARN_UNREACHABLE_CODE = YES;
				CLANG_WARN__DUPLICATE_METHOD_MATCH = YES;
				COPY_PHASE_STRIP = NO;
				DEBUG_INFORMATION_FORMAT = dwarf;
				ENABLE_STRICT_OBJC_MSGSEND = YES;
				ENABLE_TESTABILITY = YES;
				GCC_C_LANGUAGE_STANDARD = gnu11;
				GCC_DYNAMIC_NO_PIC = NO;
				GCC_NO_COMMON_BLOCKS = YES;
				GCC_OPTIMIZATION_LEVEL = 0;
				GCC_PREPROCESSOR_DEFINITIONS = (
					"DEBUG=1",
					"$(inherited)",
				);
				GCC_WARN_64_TO_32_BIT_CONVERSION = YES;
				GCC_WARN_ABOUT_RETURN_TYPE = YES_ERROR;
				GCC_WARN_UNDECLARED_SELECTOR = YES;
				GCC_WARN_UNINITIALIZED_AUTOS = YES_AGGRESSIVE;
				GCC_WARN_UNUSED_FUNCTION = YES;
				GCC_WARN_UNUSED_VARIABLE = YES;
				IPHONEOS_DEPLOYMENT_TARGET = 14.0;
				MTL_ENABLE_DEBUG_INFO = INCLUDE_SOURCE;
				MTL_FAST_MATH = YES;
				ONLY_ACTIVE_ARCH = YES;
				SDKROOT = iphoneos;
				SWIFT_ACTIVE_COMPILATION_CONDITIONS = DEBUG;
				SWIFT_OPTIMIZATION_LEVEL = "-Onone";
			};
			name = Debug;
		};
		CF661B862524667A00E83D82 /* Release */ = {
			isa = XCBuildConfiguration;
			buildSettings = {
				ALWAYS_SEARCH_USER_PATHS = NO;
				CLANG_ANALYZER_NONNULL = YES;
				CLANG_ANALYZER_NUMBER_OBJECT_CONVERSION = YES_AGGRESSIVE;
				CLANG_CXX_LANGUAGE_STANDARD = "gnu++14";
				CLANG_CXX_LIBRARY = "libc++";
				CLANG_ENABLE_MODULES = YES;
				CLANG_ENABLE_OBJC_ARC = YES;
				CLANG_ENABLE_OBJC_WEAK = YES;
				CLANG_WARN_BLOCK_CAPTURE_AUTORELEASING = YES;
				CLANG_WARN_BOOL_CONVERSION = YES;
				CLANG_WARN_COMMA = YES;
				CLANG_WARN_CONSTANT_CONVERSION = YES;
				CLANG_WARN_DEPRECATED_OBJC_IMPLEMENTATIONS = YES;
				CLANG_WARN_DIRECT_OBJC_ISA_USAGE = YES_ERROR;
				CLANG_WARN_DOCUMENTATION_COMMENTS = YES;
				CLANG_WARN_EMPTY_BODY = YES;
				CLANG_WARN_ENUM_CONVERSION = YES;
				CLANG_WARN_INFINITE_RECURSION = YES;
				CLANG_WARN_INT_CONVERSION = YES;
				CLANG_WARN_NON_LITERAL_NULL_CONVERSION = YES;
				CLANG_WARN_OBJC_IMPLICIT_RETAIN_SELF = YES;
				CLANG_WARN_OBJC_LITERAL_CONVERSION = YES;
				CLANG_WARN_OBJC_ROOT_CLASS = YES_ERROR;
				CLANG_WARN_QUOTED_INCLUDE_IN_FRAMEWORK_HEADER = YES;
				CLANG_WARN_RANGE_LOOP_ANALYSIS = YES;
				CLANG_WARN_STRICT_PROTOTYPES = YES;
				CLANG_WARN_SUSPICIOUS_MOVE = YES;
				CLANG_WARN_UNGUARDED_AVAILABILITY = YES_AGGRESSIVE;
				CLANG_WARN_UNREACHABLE_CODE = YES;
				CLANG_WARN__DUPLICATE_METHOD_MATCH = YES;
				COPY_PHASE_STRIP = NO;
				DEBUG_INFORMATION_FORMAT = "dwarf-with-dsym";
				ENABLE_NS_ASSERTIONS = NO;
				ENABLE_STRICT_OBJC_MSGSEND = YES;
				GCC_C_LANGUAGE_STANDARD = gnu11;
				GCC_NO_COMMON_BLOCKS = YES;
				GCC_WARN_64_TO_32_BIT_CONVERSION = YES;
				GCC_WARN_ABOUT_RETURN_TYPE = YES_ERROR;
				GCC_WARN_UNDECLARED_SELECTOR = YES;
				GCC_WARN_UNINITIALIZED_AUTOS = YES_AGGRESSIVE;
				GCC_WARN_UNUSED_FUNCTION = YES;
				GCC_WARN_UNUSED_VARIABLE = YES;
				IPHONEOS_DEPLOYMENT_TARGET = 14.0;
				MTL_ENABLE_DEBUG_INFO = NO;
				MTL_FAST_MATH = YES;
				SDKROOT = iphoneos;
				SWIFT_COMPILATION_MODE = wholemodule;
				SWIFT_OPTIMIZATION_LEVEL = "-O";
				VALIDATE_PRODUCT = YES;
			};
			name = Release;
		};
		CF661B882524667A00E83D82 /* Debug */ = {
			isa = XCBuildConfiguration;
			buildSettings = {
				ASSETCATALOG_COMPILER_APPICON_NAME = AppIcon;
				ASSETCATALOG_COMPILER_GLOBAL_ACCENT_COLOR_NAME = AccentColor;
				CODE_SIGN_STYLE = Automatic;
				DEVELOPMENT_TEAM = H75XS9DA7H;
				INFOPLIST_FILE = MyReminders/Info.plist;
				LD_RUNPATH_SEARCH_PATHS = (
					"$(inherited)",
					"@executable_path/Frameworks",
				);
				PRODUCT_BUNDLE_IDENTIFIER = com.cheonglee.MyReminders;
				PRODUCT_NAME = "$(TARGET_NAME)";
				SWIFT_VERSION = 5.0;
				TARGETED_DEVICE_FAMILY = "1,2";
			};
			name = Debug;
		};
		CF661B892524667A00E83D82 /* Release */ = {
			isa = XCBuildConfiguration;
			buildSettings = {
				ASSETCATALOG_COMPILER_APPICON_NAME = AppIcon;
				ASSETCATALOG_COMPILER_GLOBAL_ACCENT_COLOR_NAME = AccentColor;
				CODE_SIGN_STYLE = Automatic;
				DEVELOPMENT_TEAM = H75XS9DA7H;
				INFOPLIST_FILE = MyReminders/Info.plist;
				LD_RUNPATH_SEARCH_PATHS = (
					"$(inherited)",
					"@executable_path/Frameworks",
				);
				PRODUCT_BUNDLE_IDENTIFIER = com.cheonglee.MyReminders;
				PRODUCT_NAME = "$(TARGET_NAME)";
				SWIFT_VERSION = 5.0;
				TARGETED_DEVICE_FAMILY = "1,2";
			};
			name = Release;
		};
		CF661B8B2524667A00E83D82 /* Debug */ = {
			isa = XCBuildConfiguration;
			buildSettings = {
				ALWAYS_EMBED_SWIFT_STANDARD_LIBRARIES = YES;
				BUNDLE_LOADER = "$(TEST_HOST)";
				CODE_SIGN_STYLE = Automatic;
				DEVELOPMENT_TEAM = H75XS9DA7H;
				INFOPLIST_FILE = MyRemindersTests/Info.plist;
				IPHONEOS_DEPLOYMENT_TARGET = 14.0;
				LD_RUNPATH_SEARCH_PATHS = (
					"$(inherited)",
					"@executable_path/Frameworks",
					"@loader_path/Frameworks",
				);
				PRODUCT_BUNDLE_IDENTIFIER = com.cheonglee.MyRemindersTests;
				PRODUCT_NAME = "$(TARGET_NAME)";
				SWIFT_VERSION = 5.0;
				TARGETED_DEVICE_FAMILY = "1,2";
				TEST_HOST = "$(BUILT_PRODUCTS_DIR)/MyReminders.app/MyReminders";
			};
			name = Debug;
		};
		CF661B8C2524667A00E83D82 /* Release */ = {
			isa = XCBuildConfiguration;
			buildSettings = {
				ALWAYS_EMBED_SWIFT_STANDARD_LIBRARIES = YES;
				BUNDLE_LOADER = "$(TEST_HOST)";
				CODE_SIGN_STYLE = Automatic;
				DEVELOPMENT_TEAM = H75XS9DA7H;
				INFOPLIST_FILE = MyRemindersTests/Info.plist;
				IPHONEOS_DEPLOYMENT_TARGET = 14.0;
				LD_RUNPATH_SEARCH_PATHS = (
					"$(inherited)",
					"@executable_path/Frameworks",
					"@loader_path/Frameworks",
				);
				PRODUCT_BUNDLE_IDENTIFIER = com.cheonglee.MyRemindersTests;
				PRODUCT_NAME = "$(TARGET_NAME)";
				SWIFT_VERSION = 5.0;
				TARGETED_DEVICE_FAMILY = "1,2";
				TEST_HOST = "$(BUILT_PRODUCTS_DIR)/MyReminders.app/MyReminders";
			};
			name = Release;
		};
		CF661B8E2524667A00E83D82 /* Debug */ = {
			isa = XCBuildConfiguration;
			buildSettings = {
				ALWAYS_EMBED_SWIFT_STANDARD_LIBRARIES = YES;
				CODE_SIGN_STYLE = Automatic;
				DEVELOPMENT_TEAM = H75XS9DA7H;
				INFOPLIST_FILE = MyRemindersUITests/Info.plist;
				LD_RUNPATH_SEARCH_PATHS = (
					"$(inherited)",
					"@executable_path/Frameworks",
					"@loader_path/Frameworks",
				);
				PRODUCT_BUNDLE_IDENTIFIER = com.cheonglee.MyRemindersUITests;
				PRODUCT_NAME = "$(TARGET_NAME)";
				SWIFT_VERSION = 5.0;
				TARGETED_DEVICE_FAMILY = "1,2";
				TEST_TARGET_NAME = MyReminders;
			};
			name = Debug;
		};
		CF661B8F2524667A00E83D82 /* Release */ = {
			isa = XCBuildConfiguration;
			buildSettings = {
				ALWAYS_EMBED_SWIFT_STANDARD_LIBRARIES = YES;
				CODE_SIGN_STYLE = Automatic;
				DEVELOPMENT_TEAM = H75XS9DA7H;
				INFOPLIST_FILE = MyRemindersUITests/Info.plist;
				LD_RUNPATH_SEARCH_PATHS = (
					"$(inherited)",
					"@executable_path/Frameworks",
					"@loader_path/Frameworks",
				);
				PRODUCT_BUNDLE_IDENTIFIER = com.cheonglee.MyRemindersUITests;
				PRODUCT_NAME = "$(TARGET_NAME)";
				SWIFT_VERSION = 5.0;
				TARGETED_DEVICE_FAMILY = "1,2";
				TEST_TARGET_NAME = MyReminders;
			};
			name = Release;
		};
/* End XCBuildConfiguration section */

/* Begin XCConfigurationList section */
		CF661B582524667600E83D82 /* Build configuration list for PBXProject "MyReminders" */ = {
			isa = XCConfigurationList;
			buildConfigurations = (
				CF661B852524667A00E83D82 /* Debug */,
				CF661B862524667A00E83D82 /* Release */,
			);
			defaultConfigurationIsVisible = 0;
			defaultConfigurationName = Release;
		};
		CF661B872524667A00E83D82 /* Build configuration list for PBXNativeTarget "MyReminders" */ = {
			isa = XCConfigurationList;
			buildConfigurations = (
				CF661B882524667A00E83D82 /* Debug */,
				CF661B892524667A00E83D82 /* Release */,
			);
			defaultConfigurationIsVisible = 0;
			defaultConfigurationName = Release;
		};
		CF661B8A2524667A00E83D82 /* Build configuration list for PBXNativeTarget "MyRemindersTests" */ = {
			isa = XCConfigurationList;
			buildConfigurations = (
				CF661B8B2524667A00E83D82 /* Debug */,
				CF661B8C2524667A00E83D82 /* Release */,
			);
			defaultConfigurationIsVisible = 0;
			defaultConfigurationName = Release;
		};
		CF661B8D2524667A00E83D82 /* Build configuration list for PBXNativeTarget "MyRemindersUITests" */ = {
			isa = XCConfigurationList;
			buildConfigurations = (
				CF661B8E2524667A00E83D82 /* Debug */,
				CF661B8F2524667A00E83D82 /* Release */,
			);
			defaultConfigurationIsVisible = 0;
			defaultConfigurationName = Release;
		};
/* End XCConfigurationList section */
	};
	rootObject = CF661B552524667600E83D82 /* Project object */;
}
